
Microsoft Visual Studio Solution File, Format Version 12.00
# Visual Studio Version 17
VisualStudioVersion = 17.0.31903.59
MinimumVisualStudioVersion = 10.0.40219.1
Project("{FAE04EC0-301F-11D3-BF4B-00C04F79EFBC}") = "PedidosApi.Api", "src\PedidosApi.Api\PedidosApi.Api.csproj", "{1591CFAD-B806-416D-B7B9-E44242E88261}"
EndProject
Project("{FAE04EC0-301F-11D3-BF4B-00C04F79EFBC}") = "PedidosApi.Domain", "src\PedidosApi.Domain\PedidosApi.Domain.csproj", "{EB893CC6-3A1E-4574-92DA-69C1DF90563B}"
EndProject
Project("{FAE04EC0-301F-11D3-BF4B-00C04F79EFBC}") = "PedidosApi.Infrastructure", "src\PedidosApi.Infrastructure\PedidosApi.Infrastructure.csproj", "{96BDC0E1-99B1-4889-8D48-CD52DEDD4E70}"
EndProject
Project("{FAE04EC0-301F-11D3-BF4B-00C04F79EFBC}") = "PedidosApi.Application", "src\PedidosApi.Application\PedidosApi.Application.csproj", "{BEEF4676-FA71-40FC-9A46-78322682D4F5}"
EndProject
Project("{2150E333-8FDC-42A3-9474-1A3956D46DE8}") = "src", "src", "{924B9B61-CB9C-4E3B-8417-3598B7870325}"
EndProject
Project("{2150E333-8FDC-42A3-9474-1A3956D46DE8}") = "tests", "tests", "{79717967-BB22-4307-839D-E55796DF3C3B}"
EndProject
Project("{FAE04EC0-301F-11D3-BF4B-00C04F79EFBC}") = "UnitTests", "tests\UnitTests\UnitTests.csproj", "{07C2EE05-0E2F-46E0-9E67-22C57702917D}"
EndProject
Project("{FAE04EC0-301F-11D3-BF4B-00C04F79EFBC}") = "IntegrationTests", "tests\IntegrationTests\IntegrationTests.csproj", "{A13F25B7-2C72-430F-96DF-1B52DC1B37EC}"
EndProject
Global
	GlobalSection(SolutionConfigurationPlatforms) = preSolution
		Debug|Any CPU = Debug|Any CPU
		Release|Any CPU = Release|Any CPU
	EndGlobalSection
	GlobalSection(SolutionProperties) = preSolution
		HideSolutionNode = FALSE
	EndGlobalSection
	GlobalSection(ProjectConfigurationPlatforms) = postSolution
		{1591CFAD-B806-416D-B7B9-E44242E88261}.Debug|Any CPU.ActiveCfg = Debug|Any CPU
		{1591CFAD-B806-416D-B7B9-E44242E88261}.Debug|Any CPU.Build.0 = Debug|Any CPU
		{1591CFAD-B806-416D-B7B9-E44242E88261}.Release|Any CPU.ActiveCfg = Release|Any CPU
		{1591CFAD-B806-416D-B7B9-E44242E88261}.Release|Any CPU.Build.0 = Release|Any CPU
		{EB893CC6-3A1E-4574-92DA-69C1DF90563B}.Debug|Any CPU.ActiveCfg = Debug|Any CPU
		{EB893CC6-3A1E-4574-92DA-69C1DF90563B}.Debug|Any CPU.Build.0 = Debug|Any CPU
		{EB893CC6-3A1E-4574-92DA-69C1DF90563B}.Release|Any CPU.ActiveCfg = Release|Any CPU
		{EB893CC6-3A1E-4574-92DA-69C1DF90563B}.Release|Any CPU.Build.0 = Release|Any CPU
		{96BDC0E1-99B1-4889-8D48-CD52DEDD4E70}.Debug|Any CPU.ActiveCfg = Debug|Any CPU
		{96BDC0E1-99B1-4889-8D48-CD52DEDD4E70}.Debug|Any CPU.Build.0 = Debug|Any CPU
		{96BDC0E1-99B1-4889-8D48-CD52DEDD4E70}.Release|Any CPU.ActiveCfg = Release|Any CPU
		{96BDC0E1-99B1-4889-8D48-CD52DEDD4E70}.Release|Any CPU.Build.0 = Release|Any CPU
		{BEEF4676-FA71-40FC-9A46-78322682D4F5}.Debug|Any CPU.ActiveCfg = Debug|Any CPU
		{BEEF4676-FA71-40FC-9A46-78322682D4F5}.Debug|Any CPU.Build.0 = Debug|Any CPU
		{BEEF4676-FA71-40FC-9A46-78322682D4F5}.Release|Any CPU.ActiveCfg = Release|Any CPU
		{BEEF4676-FA71-40FC-9A46-78322682D4F5}.Release|Any CPU.Build.0 = Release|Any CPU
		{07C2EE05-0E2F-46E0-9E67-22C57702917D}.Debug|Any CPU.ActiveCfg = Debug|Any CPU
		{07C2EE05-0E2F-46E0-9E67-22C57702917D}.Debug|Any CPU.Build.0 = Debug|Any CPU
		{07C2EE05-0E2F-46E0-9E67-22C57702917D}.Release|Any CPU.ActiveCfg = Release|Any CPU
		{07C2EE05-0E2F-46E0-9E67-22C57702917D}.Release|Any CPU.Build.0 = Release|Any CPU
		{A13F25B7-2C72-430F-96DF-1B52DC1B37EC}.Debug|Any CPU.ActiveCfg = Debug|Any CPU
		{A13F25B7-2C72-430F-96DF-1B52DC1B37EC}.Debug|Any CPU.Build.0 = Debug|Any CPU
		{A13F25B7-2C72-430F-96DF-1B52DC1B37EC}.Release|Any CPU.ActiveCfg = Release|Any CPU
		{A13F25B7-2C72-430F-96DF-1B52DC1B37EC}.Release|Any CPU.Build.0 = Release|Any CPU
	EndGlobalSection
	GlobalSection(NestedProjects) = preSolution
		{1591CFAD-B806-416D-B7B9-E44242E88261} = {924B9B61-CB9C-4E3B-8417-3598B7870325}
		{BEEF4676-FA71-40FC-9A46-78322682D4F5} = {924B9B61-CB9C-4E3B-8417-3598B7870325}
		{EB893CC6-3A1E-4574-92DA-69C1DF90563B} = {924B9B61-CB9C-4E3B-8417-3598B7870325}
		{96BDC0E1-99B1-4889-8D48-CD52DEDD4E70} = {924B9B61-CB9C-4E3B-8417-3598B7870325}
		{07C2EE05-0E2F-46E0-9E67-22C57702917D} = {79717967-BB22-4307-839D-E55796DF3C3B}
		{A13F25B7-2C72-430F-96DF-1B52DC1B37EC} = {79717967-BB22-4307-839D-E55796DF3C3B}
	EndGlobalSection
EndGlobal
